
Microsoft Visual Studio Solution File, Format Version 12.00
# Visual Studio Version 16
VisualStudioVersion = 16.0.29613.14
MinimumVisualStudioVersion = 10.0.40219.1
Project("{8BC9CEB8-8B4A-11D0-8D11-00A0C91BC942}") = "LevelFarmer", "LevelFarmer\LevelFarmer.vcxproj", "{FD3E14A2-264B-4CAD-8511-9612DC552CBD}"
EndProject
Global
	GlobalSection(SolutionConfigurationPlatforms) = preSolution
		Debug|x64 = Debug|x64
		Debug|x86 = Debug|x86
		Release|x64 = Release|x64
		Release|x86 = Release|x86
	EndGlobalSection
	GlobalSection(ProjectConfigurationPlatforms) = postSolution
		{FD3E14A2-264B-4CAD-8511-9612DC552CBD}.Debug|x64.ActiveCfg = Debug|x64
		{FD3E14A2-264B-4CAD-8511-9612DC552CBD}.Debug|x64.Build.0 = Debug|x64
		{FD3E14A2-264B-4CAD-8511-9612DC552CBD}.Debug|x86.ActiveCfg = Debug|Win32
		{FD3E14A2-264B-4CAD-8511-9612DC552CBD}.Debug|x86.Build.0 = Debug|Win32
		{FD3E14A2-264B-4CAD-8511-9612DC552CBD}.Release|x64.ActiveCfg = Release|x64
		{FD3E14A2-264B-4CAD-8511-9612DC552CBD}.Release|x64.Build.0 = Release|x64
		{FD3E14A2-264B-4CAD-8511-9612DC552CBD}.Release|x86.ActiveCfg = Release|Win32
		{FD3E14A2-264B-4CAD-8511-9612DC552CBD}.Release|x86.Build.0 = Release|Win32
	EndGlobalSection
	GlobalSection(SolutionProperties) = preSolution
		HideSolutionNode = FALSE
	EndGlobalSection
	GlobalSection(ExtensibilityGlobals) = postSolution
		SolutionGuid = {9E158F15-7224-4C4E-84D6-F4C33C4F7002}
	EndGlobalSection
EndGlobal
